<?xml version="1.0" encoding="utf-8"?>
<Project ToolsVersion="4.0" xmlns="http://schemas.microsoft.com/developer/msbuild/2003">
  <ItemGroup>
    <ClCompile Include="main.cpp" />
  </ItemGroup>
  <ItemGroup>
    <ClInclude Include="window.hpp" />
    <ClInclude Include="device.hpp" />
    <ClInclude Include="utility.hpp" />
    <ClInclude Include="command_manager.hpp" />
    <ClInclude Include="swap_chain.hpp" />
    <ClInclude Include="descriptor_heap.hpp" />
    <ClInclude Include="create_view.hpp" />
    <ClInclude Include="root_signature.hpp" />
    <ClInclude Include="shader.hpp" />
    <ClInclude Include="resource.hpp" />
    <ClInclude Include="pipeline_state.hpp" />
  </ItemGroup>
  <ItemGroup>
    <FxCompile Include="ShaderFile\SimpleModel\VertexShader.hlsl" />
    <FxCompile Include="ShaderFile\SimpleModel\PixelShader.hlsl" />
    <FxCompile Include="ShaderFile\DeferredRendering\VertexShader.hlsl" />
    <FxCompile Include="ShaderFile\DeferredRendering\PixelShader.hlsl" />
    <FxCompile Include="ShaderFile\PostEffect\VertexShader.hlsl" />
    <FxCompile Include="ShaderFile\PostEffect\PixelShader.hlsl" />
    <FxCompile Include="ShaderFile\HighLuminance\PixelShader.hlsl" />
    <FxCompile Include="ShaderFile\HighLuminance\VertexShader.hlsl" />
    <FxCompile Include="ShaderFile\MainColorDownSampling\VertexShader.hlsl" />
    <FxCompile Include="ShaderFile\MainColorDownSampling\PixelShader.hlsl" />
    <FxCompile Include="ShaderFile\SimpleGround\VertexShader.hlsl" />
    <FxCompile Include="ShaderFile\SimpleGround\PixelShader.hlsl" />
    <FxCompile Include="ShaderFile\SimpleModel\ShadowVertexShader.hlsl" />
    <FxCompile Include="ShaderFile\SimpleGround\ShadowVertexShader.hlsl" />
  </ItemGroup>
  <ItemGroup>
    <None Include="ShaderFile\SimpleModel\Header.hlsli" />
    <None Include="ShaderFile\DeferredRendering\Header.hlsli" />
    <None Include="ShaderFile\PostEffect\Header.hlsli" />
    <None Include="ShaderFile\HighLuminance\Header.hlsli" />
    <None Include="ShaderFile\MainColorDownSampling\Header.hlsli" />
    <None Include="ShaderFile\SimpleGround\Header.hlsli" />
    <None Include="ShaderFile\CameraData.hlsli" />
    <None Include="ShaderFile\LightData.hlsli" />
  </ItemGroup>
</Project>