<?xml version="1.0" encoding="utf-8"?>
<Project ToolsVersion="4.0" xmlns="http://schemas.microsoft.com/developer/msbuild/2003">
  <ItemGroup>
    <ClCompile Include="main.cpp" />
  </ItemGroup>
  <ItemGroup>
    <ClInclude Include="window.hpp" />
    <ClInclude Include="device.hpp" />
    <ClInclude Include="utility.hpp" />
    <ClInclude Include="command_manager.hpp" />
    <ClInclude Include="swap_chain.hpp" />
    <ClInclude Include="descriptor_heap.hpp" />
    <ClInclude Include="create_view.hpp" />
    <ClInclude Include="root_signature.hpp" />
  </ItemGroup>
</Project>